
Microsoft Visual Studio Solution File, Format Version 12.00
# Visual Studio Version 16
VisualStudioVersion = 16.0.30503.244
MinimumVisualStudioVersion = 10.0.40219.1
Project("{FAE04EC0-301F-11D3-BF4B-00C04F79EFBC}") = "DbSetToList", "DbSetToList\DbSetToList.csproj", "{3BD838D8-77DD-4275-8D1B-63416BA98ECB}"
EndProject
Global
	GlobalSection(SolutionConfigurationPlatforms) = preSolution
		Debug|Any CPU = Debug|Any CPU
		Release|Any CPU = Release|Any CPU
	EndGlobalSection
	GlobalSection(ProjectConfigurationPlatforms) = postSolution
		{3BD838D8-77DD-4275-8D1B-63416BA98ECB}.Debug|Any CPU.ActiveCfg = Debug|Any CPU
		{3BD838D8-77DD-4275-8D1B-63416BA98ECB}.Debug|Any CPU.Build.0 = Debug|Any CPU
		{3BD838D8-77DD-4275-8D1B-63416BA98ECB}.Release|Any CPU.ActiveCfg = Release|Any CPU
		{3BD838D8-77DD-4275-8D1B-63416BA98ECB}.Release|Any CPU.Build.0 = Release|Any CPU
	EndGlobalSection
	GlobalSection(SolutionProperties) = preSolution
		HideSolutionNode = FALSE
	EndGlobalSection
	GlobalSection(ExtensibilityGlobals) = postSolution
		SolutionGuid = {50C2D18E-9D10-4741-80B0-152D5235792E}
	EndGlobalSection
EndGlobal
