
Microsoft Visual Studio Solution File, Format Version 12.00
# Visual Studio Version 17
VisualStudioVersion = 17.0.31912.275
MinimumVisualStudioVersion = 10.0.40219.1
Project("{9A19103F-16F7-4668-BE54-9A1E7A4F7556}") = "RefreshTokenAuth", "RefreshTokenAuth.csproj", "{B7BD397D-3C48-4586-9676-9B7EBB615E12}"
EndProject
Global
	GlobalSection(SolutionConfigurationPlatforms) = preSolution
		Debug|Any CPU = Debug|Any CPU
		Release|Any CPU = Release|Any CPU
	EndGlobalSection
	GlobalSection(ProjectConfigurationPlatforms) = postSolution
		{B7BD397D-3C48-4586-9676-9B7EBB615E12}.Debug|Any CPU.ActiveCfg = Debug|Any CPU
		{B7BD397D-3C48-4586-9676-9B7EBB615E12}.Debug|Any CPU.Build.0 = Debug|Any CPU
		{B7BD397D-3C48-4586-9676-9B7EBB615E12}.Release|Any CPU.ActiveCfg = Release|Any CPU
		{B7BD397D-3C48-4586-9676-9B7EBB615E12}.Release|Any CPU.Build.0 = Release|Any CPU
	EndGlobalSection
	GlobalSection(SolutionProperties) = preSolution
		HideSolutionNode = FALSE
	EndGlobalSection
	GlobalSection(ExtensibilityGlobals) = postSolution
		SolutionGuid = {5ABAF871-D931-418C-8EA1-5917B1EEBD02}
	EndGlobalSection
EndGlobal
