
Microsoft Visual Studio Solution File, Format Version 12.00
# Visual Studio Version 16
VisualStudioVersion = 16.0.30320.27
MinimumVisualStudioVersion = 10.0.40219.1
Project("{FAE04EC0-301F-11D3-BF4B-00C04F79EFBC}") = "ObjectIteration", "ObjectIteration\ObjectIteration.csproj", "{281D5003-5311-4184-A1D7-8E5BEA34897C}"
EndProject
Global
	GlobalSection(SolutionConfigurationPlatforms) = preSolution
		Debug|Any CPU = Debug|Any CPU
		Release|Any CPU = Release|Any CPU
	EndGlobalSection
	GlobalSection(ProjectConfigurationPlatforms) = postSolution
		{281D5003-5311-4184-A1D7-8E5BEA34897C}.Debug|Any CPU.ActiveCfg = Debug|Any CPU
		{281D5003-5311-4184-A1D7-8E5BEA34897C}.Debug|Any CPU.Build.0 = Debug|Any CPU
		{281D5003-5311-4184-A1D7-8E5BEA34897C}.Release|Any CPU.ActiveCfg = Release|Any CPU
		{281D5003-5311-4184-A1D7-8E5BEA34897C}.Release|Any CPU.Build.0 = Release|Any CPU
	EndGlobalSection
	GlobalSection(SolutionProperties) = preSolution
		HideSolutionNode = FALSE
	EndGlobalSection
	GlobalSection(ExtensibilityGlobals) = postSolution
		SolutionGuid = {83B27863-9253-4346-977F-CF41D4B65CAF}
	EndGlobalSection
EndGlobal
